// !$*UTF8*$!
{
	archiveVersion = 1;
	classes = {
	};
	objectVersion = 50;
	objects = {

/* Begin PBXBuildFile section */
		242DC9BB224CADD5001F0369 /* AppDelegate.m in Sources */ = {isa = PBXBuildFile; fileRef = 242DC9BA224CADD5001F0369 /* AppDelegate.m */; };
		242DC9BE224CADD5001F0369 /* AFOViewController.m in Sources */ = {isa = PBXBuildFile; fileRef = 242DC9BD224CADD5001F0369 /* AFOViewController.m */; };
		242DC9C3224CADD7001F0369 /* Assets.xcassets in Resources */ = {isa = PBXBuildFile; fileRef = 242DC9C2224CADD7001F0369 /* Assets.xcassets */; };
		242DC9C6224CADD7001F0369 /* LaunchScreen.storyboard in Resources */ = {isa = PBXBuildFile; fileRef = 242DC9C4224CADD7001F0369 /* LaunchScreen.storyboard */; };
		242DC9C9224CADD7001F0369 /* main.m in Sources */ = {isa = PBXBuildFile; fileRef = 242DC9C8224CADD7001F0369 /* main.m */; };
		24D1A95A224DB0B300B8D573 /* AFOFlyweightPattern.m in Sources */ = {isa = PBXBuildFile; fileRef = 24D1A959224DB0B300B8D573 /* AFOFlyweightPattern.m */; };
		24D1A979224DB88F00B8D573 /* icon3.jpg in Resources */ = {isa = PBXBuildFile; fileRef = 24D1A978224DB88F00B8D573 /* icon3.jpg */; };
		24D1A97B224DB89B00B8D573 /* icon4.jpg in Resources */ = {isa = PBXBuildFile; fileRef = 24D1A97A224DB89B00B8D573 /* icon4.jpg */; };
		24D1A97D224DB8AC00B8D573 /* icon5.jpg in Resources */ = {isa = PBXBuildFile; fileRef = 24D1A97C224DB8AC00B8D573 /* icon5.jpg */; };
		24D1A97F224DB8B500B8D573 /* icon6.jpg in Resources */ = {isa = PBXBuildFile; fileRef = 24D1A97E224DB8B500B8D573 /* icon6.jpg */; };
		24D1A981224DB8BD00B8D573 /* icon1.jpg in Resources */ = {isa = PBXBuildFile; fileRef = 24D1A980224DB8BD00B8D573 /* icon1.jpg */; };
		24D1A983224DB8C200B8D573 /* icon2.jpeg in Resources */ = {isa = PBXBuildFile; fileRef = 24D1A982224DB8C200B8D573 /* icon2.jpeg */; };
/* End PBXBuildFile section */

/* Begin PBXFileReference section */
		242DC9B6224CADD5001F0369 /* AFOFlyweightPattern.app */ = {isa = PBXFileReference; explicitFileType = wrapper.application; includeInIndex = 0; path = AFOFlyweightPattern.app; sourceTree = BUILT_PRODUCTS_DIR; };
		242DC9B9224CADD5001F0369 /* AppDelegate.h */ = {isa = PBXFileReference; lastKnownFileType = sourcecode.c.h; path = AppDelegate.h; sourceTree = "<group>"; };
		242DC9BA224CADD5001F0369 /* AppDelegate.m */ = {isa = PBXFileReference; lastKnownFileType = sourcecode.c.objc; path = AppDelegate.m; sourceTree = "<group>"; };
		242DC9BC224CADD5001F0369 /* AFOViewController.h */ = {isa = PBXFileReference; lastKnownFileType = sourcecode.c.h; path = AFOViewController.h; sourceTree = "<group>"; };
		242DC9BD224CADD5001F0369 /* AFOViewController.m */ = {isa = PBXFileReference; lastKnownFileType = sourcecode.c.objc; path = AFOViewController.m; sourceTree = "<group>"; };
		242DC9C2224CADD7001F0369 /* Assets.xcassets */ = {isa = PBXFileReference; lastKnownFileType = folder.assetcatalog; path = Assets.xcassets; sourceTree = "<group>"; };
		242DC9C5224CADD7001F0369 /* Base */ = {isa = PBXFileReference; lastKnownFileType = file.storyboard; name = Base; path = Base.lproj/LaunchScreen.storyboard; sourceTree = "<group>"; };
		242DC9C7224CADD7001F0369 /* Info.plist */ = {isa = PBXFileReference; lastKnownFileType = text.plist.xml; path = Info.plist; sourceTree = "<group>"; };
		242DC9C8224CADD7001F0369 /* main.m */ = {isa = PBXFileReference; lastKnownFileType = sourcecode.c.objc; path = main.m; sourceTree = "<group>"; };
		24D1A958224DB0B300B8D573 /* AFOFlyweightPattern.h */ = {isa = PBXFileReference; lastKnownFileType = sourcecode.c.h; path = AFOFlyweightPattern.h; sourceTree = "<group>"; };
		24D1A959224DB0B300B8D573 /* AFOFlyweightPattern.m */ = {isa = PBXFileReference; lastKnownFileType = sourcecode.c.objc; path = AFOFlyweightPattern.m; sourceTree = "<group>"; };
		24D1A978224DB88F00B8D573 /* icon3.jpg */ = {isa = PBXFileReference; lastKnownFileType = image.jpeg; path = icon3.jpg; sourceTree = "<group>"; };
		24D1A97A224DB89B00B8D573 /* icon4.jpg */ = {isa = PBXFileReference; lastKnownFileType = image.jpeg; path = icon4.jpg; sourceTree = "<group>"; };
		24D1A97C224DB8AC00B8D573 /* icon5.jpg */ = {isa = PBXFileReference; lastKnownFileType = image.jpeg; path = icon5.jpg; sourceTree = "<group>"; };
		24D1A97E224DB8B500B8D573 /* icon6.jpg */ = {isa = PBXFileReference; lastKnownFileType = image.jpeg; path = icon6.jpg; sourceTree = "<group>"; };
		24D1A980224DB8BD00B8D573 /* icon1.jpg */ = {isa = PBXFileReference; lastKnownFileType = image.jpeg; path = icon1.jpg; sourceTree = "<group>"; };
		24D1A982224DB8C200B8D573 /* icon2.jpeg */ = {isa = PBXFileReference; lastKnownFileType = image.jpeg; path = icon2.jpeg; sourceTree = "<group>"; };
/* End PBXFileReference section */

/* Begin PBXFrameworksBuildPhase section */
		242DC9B3224CADD5001F0369 /* Frameworks */ = {
			isa = PBXFrameworksBuildPhase;
			buildActionMask = 2147483647;
			files = (
			);
			runOnlyForDeploymentPostprocessing = 0;
		};
/* End PBXFrameworksBuildPhase section */

/* Begin PBXGroup section */
		242DC9AD224CADD5001F0369 = {
			isa = PBXGroup;
			children = (
				242DC9B8224CADD5001F0369 /* AFOFlyweightPattern */,
				242DC9B7224CADD5001F0369 /* Products */,
			);
			sourceTree = "<group>";
		};
		242DC9B7224CADD5001F0369 /* Products */ = {
			isa = PBXGroup;
			children = (
				242DC9B6224CADD5001F0369 /* AFOFlyweightPattern.app */,
			);
			name = Products;
			sourceTree = "<group>";
		};
		242DC9B8224CADD5001F0369 /* AFOFlyweightPattern */ = {
			isa = PBXGroup;
			children = (
				242DC9B9224CADD5001F0369 /* AppDelegate.h */,
				242DC9BA224CADD5001F0369 /* AppDelegate.m */,
				242DC9D0224CAE4F001F0369 /* models */,
				242DC9CF224CAE43001F0369 /* controller */,
				24D1A95B224DB6DA00B8D573 /* resource */,
				242DC9C2224CADD7001F0369 /* Assets.xcassets */,
				242DC9C4224CADD7001F0369 /* LaunchScreen.storyboard */,
				242DC9C7224CADD7001F0369 /* Info.plist */,
				242DC9C8224CADD7001F0369 /* main.m */,
			);
			path = AFOFlyweightPattern;
			sourceTree = "<group>";
		};
		242DC9CF224CAE43001F0369 /* controller */ = {
			isa = PBXGroup;
			children = (
				242DC9BC224CADD5001F0369 /* AFOViewController.h */,
				242DC9BD224CADD5001F0369 /* AFOViewController.m */,
			);
			path = controller;
			sourceTree = "<group>";
		};
		242DC9D0224CAE4F001F0369 /* models */ = {
			isa = PBXGroup;
			children = (
				24D1A958224DB0B300B8D573 /* AFOFlyweightPattern.h */,
				24D1A959224DB0B300B8D573 /* AFOFlyweightPattern.m */,
			);
			path = models;
			sourceTree = "<group>";
		};
		24D1A95B224DB6DA00B8D573 /* resource */ = {
			isa = PBXGroup;
			children = (
				24D1A980224DB8BD00B8D573 /* icon1.jpg */,
				24D1A982224DB8C200B8D573 /* icon2.jpeg */,
				24D1A978224DB88F00B8D573 /* icon3.jpg */,
				24D1A97A224DB89B00B8D573 /* icon4.jpg */,
				24D1A97C224DB8AC00B8D573 /* icon5.jpg */,
				24D1A97E224DB8B500B8D573 /* icon6.jpg */,
			);
			path = resource;
			sourceTree = "<group>";
		};
/* End PBXGroup section */

/* Begin PBXNativeTarget section */
		242DC9B5224CADD5001F0369 /* AFOFlyweightPattern */ = {
			isa = PBXNativeTarget;
			buildConfigurationList = 242DC9CC224CADD7001F0369 /* Build configuration list for PBXNativeTarget "AFOFlyweightPattern" */;
			buildPhases = (
				242DC9B2224CADD5001F0369 /* Sources */,
				242DC9B3224CADD5001F0369 /* Frameworks */,
				242DC9B4224CADD5001F0369 /* Resources */,
			);
			buildRules = (
			);
			dependencies = (
			);
			name = AFOFlyweightPattern;
			productName = AFOFlyweightPattern;
			productReference = 242DC9B6224CADD5001F0369 /* AFOFlyweightPattern.app */;
			productType = "com.apple.product-type.application";
		};
/* End PBXNativeTarget section */

/* Begin PBXProject section */
		242DC9AE224CADD5001F0369 /* Project object */ = {
			isa = PBXProject;
			attributes = {
				LastUpgradeCheck = 1020;
				ORGANIZATIONNAME = "AFO Science Technology Ltd";
				TargetAttributes = {
					242DC9B5224CADD5001F0369 = {
						CreatedOnToolsVersion = 10.2;
					};
				};
			};
			buildConfigurationList = 242DC9B1224CADD5001F0369 /* Build configuration list for PBXProject "AFOFlyweightPattern" */;
			compatibilityVersion = "Xcode 9.3";
			developmentRegion = en;
			hasScannedForEncodings = 0;
			knownRegions = (
				en,
				Base,
			);
			mainGroup = 242DC9AD224CADD5001F0369;
			productRefGroup = 242DC9B7224CADD5001F0369 /* Products */;
			projectDirPath = "";
			projectRoot = "";
			targets = (
				242DC9B5224CADD5001F0369 /* AFOFlyweightPattern */,
			);
		};
/* End PBXProject section */

/* Begin PBXResourcesBuildPhase section */
		242DC9B4224CADD5001F0369 /* Resources */ = {
			isa = PBXResourcesBuildPhase;
			buildActionMask = 2147483647;
			files = (
				24D1A97D224DB8AC00B8D573 /* icon5.jpg in Resources */,
				24D1A983224DB8C200B8D573 /* icon2.jpeg in Resources */,
				24D1A981224DB8BD00B8D573 /* icon1.jpg in Resources */,
				242DC9C6224CADD7001F0369 /* LaunchScreen.storyboard in Resources */,
				24D1A97B224DB89B00B8D573 /* icon4.jpg in Resources */,
				242DC9C3224CADD7001F0369 /* Assets.xcassets in Resources */,
				24D1A979224DB88F00B8D573 /* icon3.jpg in Resources */,
				24D1A97F224DB8B500B8D573 /* icon6.jpg in Resources */,
			);
			runOnlyForDeploymentPostprocessing = 0;
		};
/* End PBXResourcesBuildPhase section */

/* Begin PBXSourcesBuildPhase section */
		242DC9B2224CADD5001F0369 /* Sources */ = {
			isa = PBXSourcesBuildPhase;
			buildActionMask = 2147483647;
			files = (
				242DC9BE224CADD5001F0369 /* AFOViewController.m in Sources */,
				242DC9C9224CADD7001F0369 /* main.m in Sources */,
				242DC9BB224CADD5001F0369 /* AppDelegate.m in Sources */,
				24D1A95A224DB0B300B8D573 /* AFOFlyweightPattern.m in Sources */,
			);
			runOnlyForDeploymentPostprocessing = 0;
		};
/* End PBXSourcesBuildPhase section */

/* Begin PBXVariantGroup section */
		242DC9C4224CADD7001F0369 /* LaunchScreen.storyboard */ = {
			isa = PBXVariantGroup;
			children = (
				242DC9C5224CADD7001F0369 /* Base */,
			);
			name = LaunchScreen.storyboard;
			sourceTree = "<group>";
		};
/* End PBXVariantGroup section */

/* Begin XCBuildConfiguration section */
		242DC9CA224CADD7001F0369 /* Debug */ = {
			isa = XCBuildConfiguration;
			buildSettings = {
				ALWAYS_SEARCH_USER_PATHS = NO;
				CLANG_ANALYZER_NONNULL = YES;
				CLANG_ANALYZER_NUMBER_OBJECT_CONVERSION = YES_AGGRESSIVE;
				CLANG_CXX_LANGUAGE_STANDARD = "gnu++14";
				CLANG_CXX_LIBRARY = "libc++";
				CLANG_ENABLE_MODULES = YES;
				CLANG_ENABLE_OBJC_ARC = YES;
				CLANG_ENABLE_OBJC_WEAK = YES;
				CLANG_WARN_BLOCK_CAPTURE_AUTORELEASING = YES;
				CLANG_WARN_BOOL_CONVERSION = YES;
				CLANG_WARN_COMMA = YES;
				CLANG_WARN_CONSTANT_CONVERSION = YES;
				CLANG_WARN_DEPRECATED_OBJC_IMPLEMENTATIONS = YES;
				CLANG_WARN_DIRECT_OBJC_ISA_USAGE = YES_ERROR;
				CLANG_WARN_DOCUMENTATION_COMMENTS = YES;
				CLANG_WARN_EMPTY_BODY = YES;
				CLANG_WARN_ENUM_CONVERSION = YES;
				CLANG_WARN_INFINITE_RECURSION = YES;
				CLANG_WARN_INT_CONVERSION = YES;
				CLANG_WARN_NON_LITERAL_NULL_CONVERSION = YES;
				CLANG_WARN_OBJC_IMPLICIT_RETAIN_SELF = YES;
				CLANG_WARN_OBJC_LITERAL_CONVERSION = YES;
				CLANG_WARN_OBJC_ROOT_CLASS = YES_ERROR;
				CLANG_WARN_RANGE_LOOP_ANALYSIS = YES;
				CLANG_WARN_STRICT_PROTOTYPES = YES;
				CLANG_WARN_SUSPICIOUS_MOVE = YES;
				CLANG_WARN_UNGUARDED_AVAILABILITY = YES_AGGRESSIVE;
				CLANG_WARN_UNREACHABLE_CODE = YES;
				CLANG_WARN__DUPLICATE_METHOD_MATCH = YES;
				CODE_SIGN_IDENTITY = "iPhone Developer";
				COPY_PHASE_STRIP = NO;
				DEBUG_INFORMATION_FORMAT = dwarf;
				ENABLE_STRICT_OBJC_MSGSEND = YES;
				ENABLE_TESTABILITY = YES;
				GCC_C_LANGUAGE_STANDARD = gnu11;
				GCC_DYNAMIC_NO_PIC = NO;
				GCC_NO_COMMON_BLOCKS = YES;
				GCC_OPTIMIZATION_LEVEL = 0;
				GCC_PREPROCESSOR_DEFINITIONS = (
					"DEBUG=1",
					"$(inherited)",
				);
				GCC_WARN_64_TO_32_BIT_CONVERSION = YES;
				GCC_WARN_ABOUT_RETURN_TYPE = YES_ERROR;
				GCC_WARN_UNDECLARED_SELECTOR = YES;
				GCC_WARN_UNINITIALIZED_AUTOS = YES_AGGRESSIVE;
				GCC_WARN_UNUSED_FUNCTION = YES;
				GCC_WARN_UNUSED_VARIABLE = YES;
				IPHONEOS_DEPLOYMENT_TARGET = 12.2;
				MTL_ENABLE_DEBUG_INFO = INCLUDE_SOURCE;
				MTL_FAST_MATH = YES;
				ONLY_ACTIVE_ARCH = YES;
				SDKROOT = iphoneos;
			};
			name = Debug;
		};
		242DC9CB224CADD7001F0369 /* Release */ = {
			isa = XCBuildConfiguration;
			buildSettings = {
				ALWAYS_SEARCH_USER_PATHS = NO;
				CLANG_ANALYZER_NONNULL = YES;
				CLANG_ANALYZER_NUMBER_OBJECT_CONVERSION = YES_AGGRESSIVE;
				CLANG_CXX_LANGUAGE_STANDARD = "gnu++14";
				CLANG_CXX_LIBRARY = "libc++";
				CLANG_ENABLE_MODULES = YES;
				CLANG_ENABLE_OBJC_ARC = YES;
				CLANG_ENABLE_OBJC_WEAK = YES;
				CLANG_WARN_BLOCK_CAPTURE_AUTORELEASING = YES;
				CLANG_WARN_BOOL_CONVERSION = YES;
				CLANG_WARN_COMMA = YES;
				CLANG_WARN_CONSTANT_CONVERSION = YES;
				CLANG_WARN_DEPRECATED_OBJC_IMPLEMENTATIONS = YES;
				CLANG_WARN_DIRECT_OBJC_ISA_USAGE = YES_ERROR;
				CLANG_WARN_DOCUMENTATION_COMMENTS = YES;
				CLANG_WARN_EMPTY_BODY = YES;
				CLANG_WARN_ENUM_CONVERSION = YES;
				CLANG_WARN_INFINITE_RECURSION = YES;
				CLANG_WARN_INT_CONVERSION = YES;
				CLANG_WARN_NON_LITERAL_NULL_CONVERSION = YES;
				CLANG_WARN_OBJC_IMPLICIT_RETAIN_SELF = YES;
				CLANG_WARN_OBJC_LITERAL_CONVERSION = YES;
				CLANG_WARN_OBJC_ROOT_CLASS = YES_ERROR;
				CLANG_WARN_RANGE_LOOP_ANALYSIS = YES;
				CLANG_WARN_STRICT_PROTOTYPES = YES;
				CLANG_WARN_SUSPICIOUS_MOVE = YES;
				CLANG_WARN_UNGUARDED_AVAILABILITY = YES_AGGRESSIVE;
				CLANG_WARN_UNREACHABLE_CODE = YES;
				CLANG_WARN__DUPLICATE_METHOD_MATCH = YES;
				CODE_SIGN_IDENTITY = "iPhone Developer";
				COPY_PHASE_STRIP = NO;
				DEBUG_INFORMATION_FORMAT = "dwarf-with-dsym";
				ENABLE_NS_ASSERTIONS = NO;
				ENABLE_STRICT_OBJC_MSGSEND = YES;
				GCC_C_LANGUAGE_STANDARD = gnu11;
				GCC_NO_COMMON_BLOCKS = YES;
				GCC_WARN_64_TO_32_BIT_CONVERSION = YES;
				GCC_WARN_ABOUT_RETURN_TYPE = YES_ERROR;
				GCC_WARN_UNDECLARED_SELECTOR = YES;
				GCC_WARN_UNINITIALIZED_AUTOS = YES_AGGRESSIVE;
				GCC_WARN_UNUSED_FUNCTION = YES;
				GCC_WARN_UNUSED_VARIABLE = YES;
				IPHONEOS_DEPLOYMENT_TARGET = 12.2;
				MTL_ENABLE_DEBUG_INFO = NO;
				MTL_FAST_MATH = YES;
				SDKROOT = iphoneos;
				VALIDATE_PRODUCT = YES;
			};
			name = Release;
		};
		242DC9CD224CADD7001F0369 /* Debug */ = {
			isa = XCBuildConfiguration;
			buildSettings = {
				ASSETCATALOG_COMPILER_APPICON_NAME = AppIcon;
				CODE_SIGN_STYLE = Automatic;
				DEVELOPMENT_TEAM = 7XP5ZBK9EN;
				INFOPLIST_FILE = AFOFlyweightPattern/Info.plist;
				IPHONEOS_DEPLOYMENT_TARGET = 8.0;
				LD_RUNPATH_SEARCH_PATHS = (
					"$(inherited)",
					"@executable_path/Frameworks",
				);
				PRODUCT_BUNDLE_IDENTIFIER = com.AFO.AFOFlyweightPattern;
				PRODUCT_NAME = "$(TARGET_NAME)";
				TARGETED_DEVICE_FAMILY = "1,2";
			};
			name = Debug;
		};
		242DC9CE224CADD7001F0369 /* Release */ = {
			isa = XCBuildConfiguration;
			buildSettings = {
				ASSETCATALOG_COMPILER_APPICON_NAME = AppIcon;
				CODE_SIGN_STYLE = Automatic;
				DEVELOPMENT_TEAM = 7XP5ZBK9EN;
				INFOPLIST_FILE = AFOFlyweightPattern/Info.plist;
				IPHONEOS_DEPLOYMENT_TARGET = 8.0;
				LD_RUNPATH_SEARCH_PATHS = (
					"$(inherited)",
					"@executable_path/Frameworks",
				);
				PRODUCT_BUNDLE_IDENTIFIER = com.AFO.AFOFlyweightPattern;
				PRODUCT_NAME = "$(TARGET_NAME)";
				TARGETED_DEVICE_FAMILY = "1,2";
			};
			name = Release;
		};
/* End XCBuildConfiguration section */

/* Begin XCConfigurationList section */
		242DC9B1224CADD5001F0369 /* Build configuration list for PBXProject "AFOFlyweightPattern" */ = {
			isa = XCConfigurationList;
			buildConfigurations = (
				242DC9CA224CADD7001F0369 /* Debug */,
				242DC9CB224CADD7001F0369 /* Release */,
			);
			defaultConfigurationIsVisible = 0;
			defaultConfigurationName = Release;
		};
		242DC9CC224CADD7001F0369 /* Build configuration list for PBXNativeTarget "AFOFlyweightPattern" */ = {
			isa = XCConfigurationList;
			buildConfigurations = (
				242DC9CD224CADD7001F0369 /* Debug */,
				242DC9CE224CADD7001F0369 /* Release */,
			);
			defaultConfigurationIsVisible = 0;
			defaultConfigurationName = Release;
		};
/* End XCConfigurationList section */
	};
	rootObject = 242DC9AE224CADD5001F0369 /* Project object */;
}
