// !$*UTF8*$!
{
	archiveVersion = 1;
	classes = {
	};
	objectVersion = 50;
	objects = {

/* Begin PBXBuildFile section */
		24865FA0225362A4002ABECC /* AppDelegate.m in Sources */ = {isa = PBXBuildFile; fileRef = 24865F9F225362A4002ABECC /* AppDelegate.m */; };
		24865FA3225362A4002ABECC /* AFOViewController.m in Sources */ = {isa = PBXBuildFile; fileRef = 24865FA2225362A4002ABECC /* AFOViewController.m */; };
		24865FA8225362A6002ABECC /* Assets.xcassets in Resources */ = {isa = PBXBuildFile; fileRef = 24865FA7225362A6002ABECC /* Assets.xcassets */; };
		24865FAB225362A6002ABECC /* LaunchScreen.storyboard in Resources */ = {isa = PBXBuildFile; fileRef = 24865FA9225362A6002ABECC /* LaunchScreen.storyboard */; };
		24865FAE225362A6002ABECC /* main.m in Sources */ = {isa = PBXBuildFile; fileRef = 24865FAD225362A6002ABECC /* main.m */; };
		24865FB8225364EE002ABECC /* AFOCars.m in Sources */ = {isa = PBXBuildFile; fileRef = 24865FB7225364EE002ABECC /* AFOCars.m */; };
		24865FBB2253651C002ABECC /* AFOVisitable.m in Sources */ = {isa = PBXBuildFile; fileRef = 24865FBA2253651C002ABECC /* AFOVisitable.m */; };
		24865FBE22536544002ABECC /* AFOBody.m in Sources */ = {isa = PBXBuildFile; fileRef = 24865FBD22536544002ABECC /* AFOBody.m */; };
		24865FC122536557002ABECC /* AFOEngine.m in Sources */ = {isa = PBXBuildFile; fileRef = 24865FC022536557002ABECC /* AFOEngine.m */; };
		24865FC42253656D002ABECC /* AFOWheel.m in Sources */ = {isa = PBXBuildFile; fileRef = 24865FC32253656D002ABECC /* AFOWheel.m */; };
		24865FC72253658B002ABECC /* AFOVisitor.m in Sources */ = {isa = PBXBuildFile; fileRef = 24865FC62253658B002ABECC /* AFOVisitor.m */; };
		24865FCB225367D5002ABECC /* AFOPrintVisitor.m in Sources */ = {isa = PBXBuildFile; fileRef = 24865FCA225367D5002ABECC /* AFOPrintVisitor.m */; };
/* End PBXBuildFile section */

/* Begin PBXFileReference section */
		24865F9B225362A4002ABECC /* AFOVisitorPatter.app */ = {isa = PBXFileReference; explicitFileType = wrapper.application; includeInIndex = 0; path = AFOVisitorPatter.app; sourceTree = BUILT_PRODUCTS_DIR; };
		24865F9E225362A4002ABECC /* AppDelegate.h */ = {isa = PBXFileReference; lastKnownFileType = sourcecode.c.h; path = AppDelegate.h; sourceTree = "<group>"; };
		24865F9F225362A4002ABECC /* AppDelegate.m */ = {isa = PBXFileReference; lastKnownFileType = sourcecode.c.objc; path = AppDelegate.m; sourceTree = "<group>"; };
		24865FA1225362A4002ABECC /* AFOViewController.h */ = {isa = PBXFileReference; lastKnownFileType = sourcecode.c.h; path = AFOViewController.h; sourceTree = "<group>"; };
		24865FA2225362A4002ABECC /* AFOViewController.m */ = {isa = PBXFileReference; lastKnownFileType = sourcecode.c.objc; path = AFOViewController.m; sourceTree = "<group>"; };
		24865FA7225362A6002ABECC /* Assets.xcassets */ = {isa = PBXFileReference; lastKnownFileType = folder.assetcatalog; path = Assets.xcassets; sourceTree = "<group>"; };
		24865FAA225362A6002ABECC /* Base */ = {isa = PBXFileReference; lastKnownFileType = file.storyboard; name = Base; path = Base.lproj/LaunchScreen.storyboard; sourceTree = "<group>"; };
		24865FAC225362A6002ABECC /* Info.plist */ = {isa = PBXFileReference; lastKnownFileType = text.plist.xml; path = Info.plist; sourceTree = "<group>"; };
		24865FAD225362A6002ABECC /* main.m */ = {isa = PBXFileReference; lastKnownFileType = sourcecode.c.objc; path = main.m; sourceTree = "<group>"; };
		24865FB6225364EE002ABECC /* AFOCars.h */ = {isa = PBXFileReference; lastKnownFileType = sourcecode.c.h; path = AFOCars.h; sourceTree = "<group>"; };
		24865FB7225364EE002ABECC /* AFOCars.m */ = {isa = PBXFileReference; lastKnownFileType = sourcecode.c.objc; path = AFOCars.m; sourceTree = "<group>"; };
		24865FB92253651C002ABECC /* AFOVisitable.h */ = {isa = PBXFileReference; lastKnownFileType = sourcecode.c.h; path = AFOVisitable.h; sourceTree = "<group>"; };
		24865FBA2253651C002ABECC /* AFOVisitable.m */ = {isa = PBXFileReference; lastKnownFileType = sourcecode.c.objc; path = AFOVisitable.m; sourceTree = "<group>"; };
		24865FBC22536544002ABECC /* AFOBody.h */ = {isa = PBXFileReference; lastKnownFileType = sourcecode.c.h; path = AFOBody.h; sourceTree = "<group>"; };
		24865FBD22536544002ABECC /* AFOBody.m */ = {isa = PBXFileReference; lastKnownFileType = sourcecode.c.objc; path = AFOBody.m; sourceTree = "<group>"; };
		24865FBF22536557002ABECC /* AFOEngine.h */ = {isa = PBXFileReference; lastKnownFileType = sourcecode.c.h; path = AFOEngine.h; sourceTree = "<group>"; };
		24865FC022536557002ABECC /* AFOEngine.m */ = {isa = PBXFileReference; lastKnownFileType = sourcecode.c.objc; path = AFOEngine.m; sourceTree = "<group>"; };
		24865FC22253656D002ABECC /* AFOWheel.h */ = {isa = PBXFileReference; lastKnownFileType = sourcecode.c.h; path = AFOWheel.h; sourceTree = "<group>"; };
		24865FC32253656D002ABECC /* AFOWheel.m */ = {isa = PBXFileReference; lastKnownFileType = sourcecode.c.objc; path = AFOWheel.m; sourceTree = "<group>"; };
		24865FC52253658B002ABECC /* AFOVisitor.h */ = {isa = PBXFileReference; lastKnownFileType = sourcecode.c.h; path = AFOVisitor.h; sourceTree = "<group>"; };
		24865FC62253658B002ABECC /* AFOVisitor.m */ = {isa = PBXFileReference; lastKnownFileType = sourcecode.c.objc; path = AFOVisitor.m; sourceTree = "<group>"; };
		24865FC9225367D5002ABECC /* AFOPrintVisitor.h */ = {isa = PBXFileReference; lastKnownFileType = sourcecode.c.h; path = AFOPrintVisitor.h; sourceTree = "<group>"; };
		24865FCA225367D5002ABECC /* AFOPrintVisitor.m */ = {isa = PBXFileReference; lastKnownFileType = sourcecode.c.objc; path = AFOPrintVisitor.m; sourceTree = "<group>"; };
/* End PBXFileReference section */

/* Begin PBXFrameworksBuildPhase section */
		24865F98225362A4002ABECC /* Frameworks */ = {
			isa = PBXFrameworksBuildPhase;
			buildActionMask = 2147483647;
			files = (
			);
			runOnlyForDeploymentPostprocessing = 0;
		};
/* End PBXFrameworksBuildPhase section */

/* Begin PBXGroup section */
		24865F92225362A4002ABECC = {
			isa = PBXGroup;
			children = (
				24865F9D225362A4002ABECC /* AFOVisitorPatter */,
				24865F9C225362A4002ABECC /* Products */,
			);
			sourceTree = "<group>";
		};
		24865F9C225362A4002ABECC /* Products */ = {
			isa = PBXGroup;
			children = (
				24865F9B225362A4002ABECC /* AFOVisitorPatter.app */,
			);
			name = Products;
			sourceTree = "<group>";
		};
		24865F9D225362A4002ABECC /* AFOVisitorPatter */ = {
			isa = PBXGroup;
			children = (
				24865F9E225362A4002ABECC /* AppDelegate.h */,
				24865F9F225362A4002ABECC /* AppDelegate.m */,
				24865FB522536311002ABECC /* models */,
				24865FB4225362B5002ABECC /* controller */,
				24865FA7225362A6002ABECC /* Assets.xcassets */,
				24865FA9225362A6002ABECC /* LaunchScreen.storyboard */,
				24865FAC225362A6002ABECC /* Info.plist */,
				24865FAD225362A6002ABECC /* main.m */,
			);
			path = AFOVisitorPatter;
			sourceTree = "<group>";
		};
		24865FB4225362B5002ABECC /* controller */ = {
			isa = PBXGroup;
			children = (
				24865FA1225362A4002ABECC /* AFOViewController.h */,
				24865FA2225362A4002ABECC /* AFOViewController.m */,
			);
			path = controller;
			sourceTree = "<group>";
		};
		24865FB522536311002ABECC /* models */ = {
			isa = PBXGroup;
			children = (
				24865FCC225367EC002ABECC /* cars */,
				24865FC8225367BD002ABECC /* visitor */,
			);
			path = models;
			sourceTree = "<group>";
		};
		24865FC8225367BD002ABECC /* visitor */ = {
			isa = PBXGroup;
			children = (
				24865FC52253658B002ABECC /* AFOVisitor.h */,
				24865FC62253658B002ABECC /* AFOVisitor.m */,
				24865FC9225367D5002ABECC /* AFOPrintVisitor.h */,
				24865FCA225367D5002ABECC /* AFOPrintVisitor.m */,
			);
			path = visitor;
			sourceTree = "<group>";
		};
		24865FCC225367EC002ABECC /* cars */ = {
			isa = PBXGroup;
			children = (
				24865FB92253651C002ABECC /* AFOVisitable.h */,
				24865FBA2253651C002ABECC /* AFOVisitable.m */,
				24865FB6225364EE002ABECC /* AFOCars.h */,
				24865FB7225364EE002ABECC /* AFOCars.m */,
				24865FBC22536544002ABECC /* AFOBody.h */,
				24865FBD22536544002ABECC /* AFOBody.m */,
				24865FBF22536557002ABECC /* AFOEngine.h */,
				24865FC022536557002ABECC /* AFOEngine.m */,
				24865FC22253656D002ABECC /* AFOWheel.h */,
				24865FC32253656D002ABECC /* AFOWheel.m */,
			);
			path = cars;
			sourceTree = "<group>";
		};
/* End PBXGroup section */

/* Begin PBXNativeTarget section */
		24865F9A225362A4002ABECC /* AFOVisitorPatter */ = {
			isa = PBXNativeTarget;
			buildConfigurationList = 24865FB1225362A6002ABECC /* Build configuration list for PBXNativeTarget "AFOVisitorPatter" */;
			buildPhases = (
				24865F97225362A4002ABECC /* Sources */,
				24865F98225362A4002ABECC /* Frameworks */,
				24865F99225362A4002ABECC /* Resources */,
			);
			buildRules = (
			);
			dependencies = (
			);
			name = AFOVisitorPatter;
			productName = AFOVisitorPatter;
			productReference = 24865F9B225362A4002ABECC /* AFOVisitorPatter.app */;
			productType = "com.apple.product-type.application";
		};
/* End PBXNativeTarget section */

/* Begin PBXProject section */
		24865F93225362A4002ABECC /* Project object */ = {
			isa = PBXProject;
			attributes = {
				LastUpgradeCheck = 1020;
				ORGANIZATIONNAME = "AFO Science Technology Ltd";
				TargetAttributes = {
					24865F9A225362A4002ABECC = {
						CreatedOnToolsVersion = 10.2;
					};
				};
			};
			buildConfigurationList = 24865F96225362A4002ABECC /* Build configuration list for PBXProject "AFOVisitorPatter" */;
			compatibilityVersion = "Xcode 9.3";
			developmentRegion = en;
			hasScannedForEncodings = 0;
			knownRegions = (
				en,
				Base,
			);
			mainGroup = 24865F92225362A4002ABECC;
			productRefGroup = 24865F9C225362A4002ABECC /* Products */;
			projectDirPath = "";
			projectRoot = "";
			targets = (
				24865F9A225362A4002ABECC /* AFOVisitorPatter */,
			);
		};
/* End PBXProject section */

/* Begin PBXResourcesBuildPhase section */
		24865F99225362A4002ABECC /* Resources */ = {
			isa = PBXResourcesBuildPhase;
			buildActionMask = 2147483647;
			files = (
				24865FAB225362A6002ABECC /* LaunchScreen.storyboard in Resources */,
				24865FA8225362A6002ABECC /* Assets.xcassets in Resources */,
			);
			runOnlyForDeploymentPostprocessing = 0;
		};
/* End PBXResourcesBuildPhase section */

/* Begin PBXSourcesBuildPhase section */
		24865F97225362A4002ABECC /* Sources */ = {
			isa = PBXSourcesBuildPhase;
			buildActionMask = 2147483647;
			files = (
				24865FC72253658B002ABECC /* AFOVisitor.m in Sources */,
				24865FC42253656D002ABECC /* AFOWheel.m in Sources */,
				24865FC122536557002ABECC /* AFOEngine.m in Sources */,
				24865FA3225362A4002ABECC /* AFOViewController.m in Sources */,
				24865FAE225362A6002ABECC /* main.m in Sources */,
				24865FCB225367D5002ABECC /* AFOPrintVisitor.m in Sources */,
				24865FA0225362A4002ABECC /* AppDelegate.m in Sources */,
				24865FBB2253651C002ABECC /* AFOVisitable.m in Sources */,
				24865FBE22536544002ABECC /* AFOBody.m in Sources */,
				24865FB8225364EE002ABECC /* AFOCars.m in Sources */,
			);
			runOnlyForDeploymentPostprocessing = 0;
		};
/* End PBXSourcesBuildPhase section */

/* Begin PBXVariantGroup section */
		24865FA9225362A6002ABECC /* LaunchScreen.storyboard */ = {
			isa = PBXVariantGroup;
			children = (
				24865FAA225362A6002ABECC /* Base */,
			);
			name = LaunchScreen.storyboard;
			sourceTree = "<group>";
		};
/* End PBXVariantGroup section */

/* Begin XCBuildConfiguration section */
		24865FAF225362A6002ABECC /* Debug */ = {
			isa = XCBuildConfiguration;
			buildSettings = {
				ALWAYS_SEARCH_USER_PATHS = NO;
				CLANG_ANALYZER_NONNULL = YES;
				CLANG_ANALYZER_NUMBER_OBJECT_CONVERSION = YES_AGGRESSIVE;
				CLANG_CXX_LANGUAGE_STANDARD = "gnu++14";
				CLANG_CXX_LIBRARY = "libc++";
				CLANG_ENABLE_MODULES = YES;
				CLANG_ENABLE_OBJC_ARC = YES;
				CLANG_ENABLE_OBJC_WEAK = YES;
				CLANG_WARN_BLOCK_CAPTURE_AUTORELEASING = YES;
				CLANG_WARN_BOOL_CONVERSION = YES;
				CLANG_WARN_COMMA = YES;
				CLANG_WARN_CONSTANT_CONVERSION = YES;
				CLANG_WARN_DEPRECATED_OBJC_IMPLEMENTATIONS = YES;
				CLANG_WARN_DIRECT_OBJC_ISA_USAGE = YES_ERROR;
				CLANG_WARN_DOCUMENTATION_COMMENTS = YES;
				CLANG_WARN_EMPTY_BODY = YES;
				CLANG_WARN_ENUM_CONVERSION = YES;
				CLANG_WARN_INFINITE_RECURSION = YES;
				CLANG_WARN_INT_CONVERSION = YES;
				CLANG_WARN_NON_LITERAL_NULL_CONVERSION = YES;
				CLANG_WARN_OBJC_IMPLICIT_RETAIN_SELF = YES;
				CLANG_WARN_OBJC_LITERAL_CONVERSION = YES;
				CLANG_WARN_OBJC_ROOT_CLASS = YES_ERROR;
				CLANG_WARN_RANGE_LOOP_ANALYSIS = YES;
				CLANG_WARN_STRICT_PROTOTYPES = YES;
				CLANG_WARN_SUSPICIOUS_MOVE = YES;
				CLANG_WARN_UNGUARDED_AVAILABILITY = YES_AGGRESSIVE;
				CLANG_WARN_UNREACHABLE_CODE = YES;
				CLANG_WARN__DUPLICATE_METHOD_MATCH = YES;
				CODE_SIGN_IDENTITY = "iPhone Developer";
				COPY_PHASE_STRIP = NO;
				DEBUG_INFORMATION_FORMAT = dwarf;
				ENABLE_STRICT_OBJC_MSGSEND = YES;
				ENABLE_TESTABILITY = YES;
				GCC_C_LANGUAGE_STANDARD = gnu11;
				GCC_DYNAMIC_NO_PIC = NO;
				GCC_NO_COMMON_BLOCKS = YES;
				GCC_OPTIMIZATION_LEVEL = 0;
				GCC_PREPROCESSOR_DEFINITIONS = (
					"DEBUG=1",
					"$(inherited)",
				);
				GCC_WARN_64_TO_32_BIT_CONVERSION = YES;
				GCC_WARN_ABOUT_RETURN_TYPE = YES_ERROR;
				GCC_WARN_UNDECLARED_SELECTOR = YES;
				GCC_WARN_UNINITIALIZED_AUTOS = YES_AGGRESSIVE;
				GCC_WARN_UNUSED_FUNCTION = YES;
				GCC_WARN_UNUSED_VARIABLE = YES;
				IPHONEOS_DEPLOYMENT_TARGET = 12.2;
				MTL_ENABLE_DEBUG_INFO = INCLUDE_SOURCE;
				MTL_FAST_MATH = YES;
				ONLY_ACTIVE_ARCH = YES;
				SDKROOT = iphoneos;
			};
			name = Debug;
		};
		24865FB0225362A6002ABECC /* Release */ = {
			isa = XCBuildConfiguration;
			buildSettings = {
				ALWAYS_SEARCH_USER_PATHS = NO;
				CLANG_ANALYZER_NONNULL = YES;
				CLANG_ANALYZER_NUMBER_OBJECT_CONVERSION = YES_AGGRESSIVE;
				CLANG_CXX_LANGUAGE_STANDARD = "gnu++14";
				CLANG_CXX_LIBRARY = "libc++";
				CLANG_ENABLE_MODULES = YES;
				CLANG_ENABLE_OBJC_ARC = YES;
				CLANG_ENABLE_OBJC_WEAK = YES;
				CLANG_WARN_BLOCK_CAPTURE_AUTORELEASING = YES;
				CLANG_WARN_BOOL_CONVERSION = YES;
				CLANG_WARN_COMMA = YES;
				CLANG_WARN_CONSTANT_CONVERSION = YES;
				CLANG_WARN_DEPRECATED_OBJC_IMPLEMENTATIONS = YES;
				CLANG_WARN_DIRECT_OBJC_ISA_USAGE = YES_ERROR;
				CLANG_WARN_DOCUMENTATION_COMMENTS = YES;
				CLANG_WARN_EMPTY_BODY = YES;
				CLANG_WARN_ENUM_CONVERSION = YES;
				CLANG_WARN_INFINITE_RECURSION = YES;
				CLANG_WARN_INT_CONVERSION = YES;
				CLANG_WARN_NON_LITERAL_NULL_CONVERSION = YES;
				CLANG_WARN_OBJC_IMPLICIT_RETAIN_SELF = YES;
				CLANG_WARN_OBJC_LITERAL_CONVERSION = YES;
				CLANG_WARN_OBJC_ROOT_CLASS = YES_ERROR;
				CLANG_WARN_RANGE_LOOP_ANALYSIS = YES;
				CLANG_WARN_STRICT_PROTOTYPES = YES;
				CLANG_WARN_SUSPICIOUS_MOVE = YES;
				CLANG_WARN_UNGUARDED_AVAILABILITY = YES_AGGRESSIVE;
				CLANG_WARN_UNREACHABLE_CODE = YES;
				CLANG_WARN__DUPLICATE_METHOD_MATCH = YES;
				CODE_SIGN_IDENTITY = "iPhone Developer";
				COPY_PHASE_STRIP = NO;
				DEBUG_INFORMATION_FORMAT = "dwarf-with-dsym";
				ENABLE_NS_ASSERTIONS = NO;
				ENABLE_STRICT_OBJC_MSGSEND = YES;
				GCC_C_LANGUAGE_STANDARD = gnu11;
				GCC_NO_COMMON_BLOCKS = YES;
				GCC_WARN_64_TO_32_BIT_CONVERSION = YES;
				GCC_WARN_ABOUT_RETURN_TYPE = YES_ERROR;
				GCC_WARN_UNDECLARED_SELECTOR = YES;
				GCC_WARN_UNINITIALIZED_AUTOS = YES_AGGRESSIVE;
				GCC_WARN_UNUSED_FUNCTION = YES;
				GCC_WARN_UNUSED_VARIABLE = YES;
				IPHONEOS_DEPLOYMENT_TARGET = 12.2;
				MTL_ENABLE_DEBUG_INFO = NO;
				MTL_FAST_MATH = YES;
				SDKROOT = iphoneos;
				VALIDATE_PRODUCT = YES;
			};
			name = Release;
		};
		24865FB2225362A6002ABECC /* Debug */ = {
			isa = XCBuildConfiguration;
			buildSettings = {
				ASSETCATALOG_COMPILER_APPICON_NAME = AppIcon;
				CODE_SIGN_STYLE = Automatic;
				DEVELOPMENT_TEAM = 7XP5ZBK9EN;
				INFOPLIST_FILE = AFOVisitorPatter/Info.plist;
				IPHONEOS_DEPLOYMENT_TARGET = 8.0;
				LD_RUNPATH_SEARCH_PATHS = (
					"$(inherited)",
					"@executable_path/Frameworks",
				);
				PRODUCT_BUNDLE_IDENTIFIER = com.AFO.AFOVisitorPatter;
				PRODUCT_NAME = "$(TARGET_NAME)";
				TARGETED_DEVICE_FAMILY = "1,2";
			};
			name = Debug;
		};
		24865FB3225362A6002ABECC /* Release */ = {
			isa = XCBuildConfiguration;
			buildSettings = {
				ASSETCATALOG_COMPILER_APPICON_NAME = AppIcon;
				CODE_SIGN_STYLE = Automatic;
				DEVELOPMENT_TEAM = 7XP5ZBK9EN;
				INFOPLIST_FILE = AFOVisitorPatter/Info.plist;
				IPHONEOS_DEPLOYMENT_TARGET = 8.0;
				LD_RUNPATH_SEARCH_PATHS = (
					"$(inherited)",
					"@executable_path/Frameworks",
				);
				PRODUCT_BUNDLE_IDENTIFIER = com.AFO.AFOVisitorPatter;
				PRODUCT_NAME = "$(TARGET_NAME)";
				TARGETED_DEVICE_FAMILY = "1,2";
			};
			name = Release;
		};
/* End XCBuildConfiguration section */

/* Begin XCConfigurationList section */
		24865F96225362A4002ABECC /* Build configuration list for PBXProject "AFOVisitorPatter" */ = {
			isa = XCConfigurationList;
			buildConfigurations = (
				24865FAF225362A6002ABECC /* Debug */,
				24865FB0225362A6002ABECC /* Release */,
			);
			defaultConfigurationIsVisible = 0;
			defaultConfigurationName = Release;
		};
		24865FB1225362A6002ABECC /* Build configuration list for PBXNativeTarget "AFOVisitorPatter" */ = {
			isa = XCConfigurationList;
			buildConfigurations = (
				24865FB2225362A6002ABECC /* Debug */,
				24865FB3225362A6002ABECC /* Release */,
			);
			defaultConfigurationIsVisible = 0;
			defaultConfigurationName = Release;
		};
/* End XCConfigurationList section */
	};
	rootObject = 24865F93225362A4002ABECC /* Project object */;
}
