// !$*UTF8*$!
{
	archiveVersion = 1;
	classes = {
	};
	objectVersion = 50;
	objects = {

/* Begin PBXBuildFile section */
		247C7C432250CAE0004ACC14 /* AppDelegate.m in Sources */ = {isa = PBXBuildFile; fileRef = 247C7C422250CAE0004ACC14 /* AppDelegate.m */; };
		247C7C462250CAE0004ACC14 /* AFOViewController.m in Sources */ = {isa = PBXBuildFile; fileRef = 247C7C452250CAE0004ACC14 /* AFOViewController.m */; };
		247C7C4B2250CAE1004ACC14 /* Assets.xcassets in Resources */ = {isa = PBXBuildFile; fileRef = 247C7C4A2250CAE1004ACC14 /* Assets.xcassets */; };
		247C7C4E2250CAE1004ACC14 /* LaunchScreen.storyboard in Resources */ = {isa = PBXBuildFile; fileRef = 247C7C4C2250CAE1004ACC14 /* LaunchScreen.storyboard */; };
		247C7C512250CAE1004ACC14 /* main.m in Sources */ = {isa = PBXBuildFile; fileRef = 247C7C502250CAE1004ACC14 /* main.m */; };
		247C7C5B2250CDFB004ACC14 /* AFOCommand.m in Sources */ = {isa = PBXBuildFile; fileRef = 247C7C5A2250CDFB004ACC14 /* AFOCommand.m */; };
		247C7C612250CE49004ACC14 /* AFOInvoker.m in Sources */ = {isa = PBXBuildFile; fileRef = 247C7C602250CE49004ACC14 /* AFOInvoker.m */; };
		247C7C642250CF44004ACC14 /* AFOStewedFish.m in Sources */ = {isa = PBXBuildFile; fileRef = 247C7C632250CF44004ACC14 /* AFOStewedFish.m */; };
		247C7C672250CF5F004ACC14 /* AFOColdDishes.m in Sources */ = {isa = PBXBuildFile; fileRef = 247C7C662250CF5F004ACC14 /* AFOColdDishes.m */; };
		247C7C6A2250CF7A004ACC14 /* AFOBarbecue.m in Sources */ = {isa = PBXBuildFile; fileRef = 247C7C692250CF7A004ACC14 /* AFOBarbecue.m */; };
		247C7C6D2250CFA6004ACC14 /* AFOCustomer.m in Sources */ = {isa = PBXBuildFile; fileRef = 247C7C6C2250CFA6004ACC14 /* AFOCustomer.m */; };
/* End PBXBuildFile section */

/* Begin PBXFileReference section */
		247C7C3E2250CAE0004ACC14 /* AFOCommandPattern.app */ = {isa = PBXFileReference; explicitFileType = wrapper.application; includeInIndex = 0; path = AFOCommandPattern.app; sourceTree = BUILT_PRODUCTS_DIR; };
		247C7C412250CAE0004ACC14 /* AppDelegate.h */ = {isa = PBXFileReference; lastKnownFileType = sourcecode.c.h; path = AppDelegate.h; sourceTree = "<group>"; };
		247C7C422250CAE0004ACC14 /* AppDelegate.m */ = {isa = PBXFileReference; lastKnownFileType = sourcecode.c.objc; path = AppDelegate.m; sourceTree = "<group>"; };
		247C7C442250CAE0004ACC14 /* AFOViewController.h */ = {isa = PBXFileReference; lastKnownFileType = sourcecode.c.h; path = AFOViewController.h; sourceTree = "<group>"; };
		247C7C452250CAE0004ACC14 /* AFOViewController.m */ = {isa = PBXFileReference; lastKnownFileType = sourcecode.c.objc; path = AFOViewController.m; sourceTree = "<group>"; };
		247C7C4A2250CAE1004ACC14 /* Assets.xcassets */ = {isa = PBXFileReference; lastKnownFileType = folder.assetcatalog; path = Assets.xcassets; sourceTree = "<group>"; };
		247C7C4D2250CAE1004ACC14 /* Base */ = {isa = PBXFileReference; lastKnownFileType = file.storyboard; name = Base; path = Base.lproj/LaunchScreen.storyboard; sourceTree = "<group>"; };
		247C7C4F2250CAE1004ACC14 /* Info.plist */ = {isa = PBXFileReference; lastKnownFileType = text.plist.xml; path = Info.plist; sourceTree = "<group>"; };
		247C7C502250CAE1004ACC14 /* main.m */ = {isa = PBXFileReference; lastKnownFileType = sourcecode.c.objc; path = main.m; sourceTree = "<group>"; };
		247C7C592250CDFB004ACC14 /* AFOCommand.h */ = {isa = PBXFileReference; lastKnownFileType = sourcecode.c.h; path = AFOCommand.h; sourceTree = "<group>"; };
		247C7C5A2250CDFB004ACC14 /* AFOCommand.m */ = {isa = PBXFileReference; lastKnownFileType = sourcecode.c.objc; path = AFOCommand.m; sourceTree = "<group>"; };
		247C7C5F2250CE49004ACC14 /* AFOInvoker.h */ = {isa = PBXFileReference; lastKnownFileType = sourcecode.c.h; path = AFOInvoker.h; sourceTree = "<group>"; };
		247C7C602250CE49004ACC14 /* AFOInvoker.m */ = {isa = PBXFileReference; lastKnownFileType = sourcecode.c.objc; path = AFOInvoker.m; sourceTree = "<group>"; };
		247C7C622250CF44004ACC14 /* AFOStewedFish.h */ = {isa = PBXFileReference; lastKnownFileType = sourcecode.c.h; path = AFOStewedFish.h; sourceTree = "<group>"; };
		247C7C632250CF44004ACC14 /* AFOStewedFish.m */ = {isa = PBXFileReference; lastKnownFileType = sourcecode.c.objc; path = AFOStewedFish.m; sourceTree = "<group>"; };
		247C7C652250CF5F004ACC14 /* AFOColdDishes.h */ = {isa = PBXFileReference; lastKnownFileType = sourcecode.c.h; path = AFOColdDishes.h; sourceTree = "<group>"; };
		247C7C662250CF5F004ACC14 /* AFOColdDishes.m */ = {isa = PBXFileReference; lastKnownFileType = sourcecode.c.objc; path = AFOColdDishes.m; sourceTree = "<group>"; };
		247C7C682250CF7A004ACC14 /* AFOBarbecue.h */ = {isa = PBXFileReference; lastKnownFileType = sourcecode.c.h; path = AFOBarbecue.h; sourceTree = "<group>"; };
		247C7C692250CF7A004ACC14 /* AFOBarbecue.m */ = {isa = PBXFileReference; lastKnownFileType = sourcecode.c.objc; path = AFOBarbecue.m; sourceTree = "<group>"; };
		247C7C6B2250CFA6004ACC14 /* AFOCustomer.h */ = {isa = PBXFileReference; lastKnownFileType = sourcecode.c.h; path = AFOCustomer.h; sourceTree = "<group>"; };
		247C7C6C2250CFA6004ACC14 /* AFOCustomer.m */ = {isa = PBXFileReference; lastKnownFileType = sourcecode.c.objc; path = AFOCustomer.m; sourceTree = "<group>"; };
/* End PBXFileReference section */

/* Begin PBXFrameworksBuildPhase section */
		247C7C3B2250CADF004ACC14 /* Frameworks */ = {
			isa = PBXFrameworksBuildPhase;
			buildActionMask = 2147483647;
			files = (
			);
			runOnlyForDeploymentPostprocessing = 0;
		};
/* End PBXFrameworksBuildPhase section */

/* Begin PBXGroup section */
		247C7C352250CADF004ACC14 = {
			isa = PBXGroup;
			children = (
				247C7C402250CAE0004ACC14 /* AFOCommandPattern */,
				247C7C3F2250CAE0004ACC14 /* Products */,
			);
			sourceTree = "<group>";
		};
		247C7C3F2250CAE0004ACC14 /* Products */ = {
			isa = PBXGroup;
			children = (
				247C7C3E2250CAE0004ACC14 /* AFOCommandPattern.app */,
			);
			name = Products;
			sourceTree = "<group>";
		};
		247C7C402250CAE0004ACC14 /* AFOCommandPattern */ = {
			isa = PBXGroup;
			children = (
				247C7C412250CAE0004ACC14 /* AppDelegate.h */,
				247C7C422250CAE0004ACC14 /* AppDelegate.m */,
				247C7C582250CB28004ACC14 /* models */,
				247C7C572250CB05004ACC14 /* controller */,
				247C7C4A2250CAE1004ACC14 /* Assets.xcassets */,
				247C7C4C2250CAE1004ACC14 /* LaunchScreen.storyboard */,
				247C7C4F2250CAE1004ACC14 /* Info.plist */,
				247C7C502250CAE1004ACC14 /* main.m */,
			);
			path = AFOCommandPattern;
			sourceTree = "<group>";
		};
		247C7C572250CB05004ACC14 /* controller */ = {
			isa = PBXGroup;
			children = (
				247C7C442250CAE0004ACC14 /* AFOViewController.h */,
				247C7C452250CAE0004ACC14 /* AFOViewController.m */,
			);
			path = controller;
			sourceTree = "<group>";
		};
		247C7C582250CB28004ACC14 /* models */ = {
			isa = PBXGroup;
			children = (
				247C7C5C2250CDFF004ACC14 /* command */,
				247C7C5D2250CE0A004ACC14 /* invoker */,
				247C7C5E2250CE1C004ACC14 /* recever */,
			);
			path = models;
			sourceTree = "<group>";
		};
		247C7C5C2250CDFF004ACC14 /* command */ = {
			isa = PBXGroup;
			children = (
				247C7C592250CDFB004ACC14 /* AFOCommand.h */,
				247C7C5A2250CDFB004ACC14 /* AFOCommand.m */,
				247C7C622250CF44004ACC14 /* AFOStewedFish.h */,
				247C7C632250CF44004ACC14 /* AFOStewedFish.m */,
				247C7C652250CF5F004ACC14 /* AFOColdDishes.h */,
				247C7C662250CF5F004ACC14 /* AFOColdDishes.m */,
				247C7C682250CF7A004ACC14 /* AFOBarbecue.h */,
				247C7C692250CF7A004ACC14 /* AFOBarbecue.m */,
			);
			path = command;
			sourceTree = "<group>";
		};
		247C7C5D2250CE0A004ACC14 /* invoker */ = {
			isa = PBXGroup;
			children = (
				247C7C5F2250CE49004ACC14 /* AFOInvoker.h */,
				247C7C602250CE49004ACC14 /* AFOInvoker.m */,
			);
			path = invoker;
			sourceTree = "<group>";
		};
		247C7C5E2250CE1C004ACC14 /* recever */ = {
			isa = PBXGroup;
			children = (
				247C7C6B2250CFA6004ACC14 /* AFOCustomer.h */,
				247C7C6C2250CFA6004ACC14 /* AFOCustomer.m */,
			);
			path = recever;
			sourceTree = "<group>";
		};
/* End PBXGroup section */

/* Begin PBXNativeTarget section */
		247C7C3D2250CADF004ACC14 /* AFOCommandPattern */ = {
			isa = PBXNativeTarget;
			buildConfigurationList = 247C7C542250CAE1004ACC14 /* Build configuration list for PBXNativeTarget "AFOCommandPattern" */;
			buildPhases = (
				247C7C3A2250CADF004ACC14 /* Sources */,
				247C7C3B2250CADF004ACC14 /* Frameworks */,
				247C7C3C2250CADF004ACC14 /* Resources */,
			);
			buildRules = (
			);
			dependencies = (
			);
			name = AFOCommandPattern;
			productName = AFOCommandPattern;
			productReference = 247C7C3E2250CAE0004ACC14 /* AFOCommandPattern.app */;
			productType = "com.apple.product-type.application";
		};
/* End PBXNativeTarget section */

/* Begin PBXProject section */
		247C7C362250CADF004ACC14 /* Project object */ = {
			isa = PBXProject;
			attributes = {
				LastUpgradeCheck = 1020;
				ORGANIZATIONNAME = "AFO Science Technology Ltd";
				TargetAttributes = {
					247C7C3D2250CADF004ACC14 = {
						CreatedOnToolsVersion = 10.2;
					};
				};
			};
			buildConfigurationList = 247C7C392250CADF004ACC14 /* Build configuration list for PBXProject "AFOCommandPattern" */;
			compatibilityVersion = "Xcode 9.3";
			developmentRegion = en;
			hasScannedForEncodings = 0;
			knownRegions = (
				en,
				Base,
			);
			mainGroup = 247C7C352250CADF004ACC14;
			productRefGroup = 247C7C3F2250CAE0004ACC14 /* Products */;
			projectDirPath = "";
			projectRoot = "";
			targets = (
				247C7C3D2250CADF004ACC14 /* AFOCommandPattern */,
			);
		};
/* End PBXProject section */

/* Begin PBXResourcesBuildPhase section */
		247C7C3C2250CADF004ACC14 /* Resources */ = {
			isa = PBXResourcesBuildPhase;
			buildActionMask = 2147483647;
			files = (
				247C7C4E2250CAE1004ACC14 /* LaunchScreen.storyboard in Resources */,
				247C7C4B2250CAE1004ACC14 /* Assets.xcassets in Resources */,
			);
			runOnlyForDeploymentPostprocessing = 0;
		};
/* End PBXResourcesBuildPhase section */

/* Begin PBXSourcesBuildPhase section */
		247C7C3A2250CADF004ACC14 /* Sources */ = {
			isa = PBXSourcesBuildPhase;
			buildActionMask = 2147483647;
			files = (
				247C7C642250CF44004ACC14 /* AFOStewedFish.m in Sources */,
				247C7C612250CE49004ACC14 /* AFOInvoker.m in Sources */,
				247C7C5B2250CDFB004ACC14 /* AFOCommand.m in Sources */,
				247C7C6D2250CFA6004ACC14 /* AFOCustomer.m in Sources */,
				247C7C462250CAE0004ACC14 /* AFOViewController.m in Sources */,
				247C7C512250CAE1004ACC14 /* main.m in Sources */,
				247C7C672250CF5F004ACC14 /* AFOColdDishes.m in Sources */,
				247C7C432250CAE0004ACC14 /* AppDelegate.m in Sources */,
				247C7C6A2250CF7A004ACC14 /* AFOBarbecue.m in Sources */,
			);
			runOnlyForDeploymentPostprocessing = 0;
		};
/* End PBXSourcesBuildPhase section */

/* Begin PBXVariantGroup section */
		247C7C4C2250CAE1004ACC14 /* LaunchScreen.storyboard */ = {
			isa = PBXVariantGroup;
			children = (
				247C7C4D2250CAE1004ACC14 /* Base */,
			);
			name = LaunchScreen.storyboard;
			sourceTree = "<group>";
		};
/* End PBXVariantGroup section */

/* Begin XCBuildConfiguration section */
		247C7C522250CAE1004ACC14 /* Debug */ = {
			isa = XCBuildConfiguration;
			buildSettings = {
				ALWAYS_SEARCH_USER_PATHS = NO;
				CLANG_ANALYZER_NONNULL = YES;
				CLANG_ANALYZER_NUMBER_OBJECT_CONVERSION = YES_AGGRESSIVE;
				CLANG_CXX_LANGUAGE_STANDARD = "gnu++14";
				CLANG_CXX_LIBRARY = "libc++";
				CLANG_ENABLE_MODULES = YES;
				CLANG_ENABLE_OBJC_ARC = YES;
				CLANG_ENABLE_OBJC_WEAK = YES;
				CLANG_WARN_BLOCK_CAPTURE_AUTORELEASING = YES;
				CLANG_WARN_BOOL_CONVERSION = YES;
				CLANG_WARN_COMMA = YES;
				CLANG_WARN_CONSTANT_CONVERSION = YES;
				CLANG_WARN_DEPRECATED_OBJC_IMPLEMENTATIONS = YES;
				CLANG_WARN_DIRECT_OBJC_ISA_USAGE = YES_ERROR;
				CLANG_WARN_DOCUMENTATION_COMMENTS = YES;
				CLANG_WARN_EMPTY_BODY = YES;
				CLANG_WARN_ENUM_CONVERSION = YES;
				CLANG_WARN_INFINITE_RECURSION = YES;
				CLANG_WARN_INT_CONVERSION = YES;
				CLANG_WARN_NON_LITERAL_NULL_CONVERSION = YES;
				CLANG_WARN_OBJC_IMPLICIT_RETAIN_SELF = YES;
				CLANG_WARN_OBJC_LITERAL_CONVERSION = YES;
				CLANG_WARN_OBJC_ROOT_CLASS = YES_ERROR;
				CLANG_WARN_RANGE_LOOP_ANALYSIS = YES;
				CLANG_WARN_STRICT_PROTOTYPES = YES;
				CLANG_WARN_SUSPICIOUS_MOVE = YES;
				CLANG_WARN_UNGUARDED_AVAILABILITY = YES_AGGRESSIVE;
				CLANG_WARN_UNREACHABLE_CODE = YES;
				CLANG_WARN__DUPLICATE_METHOD_MATCH = YES;
				CODE_SIGN_IDENTITY = "iPhone Developer";
				COPY_PHASE_STRIP = NO;
				DEBUG_INFORMATION_FORMAT = dwarf;
				ENABLE_STRICT_OBJC_MSGSEND = YES;
				ENABLE_TESTABILITY = YES;
				GCC_C_LANGUAGE_STANDARD = gnu11;
				GCC_DYNAMIC_NO_PIC = NO;
				GCC_NO_COMMON_BLOCKS = YES;
				GCC_OPTIMIZATION_LEVEL = 0;
				GCC_PREPROCESSOR_DEFINITIONS = (
					"DEBUG=1",
					"$(inherited)",
				);
				GCC_WARN_64_TO_32_BIT_CONVERSION = YES;
				GCC_WARN_ABOUT_RETURN_TYPE = YES_ERROR;
				GCC_WARN_UNDECLARED_SELECTOR = YES;
				GCC_WARN_UNINITIALIZED_AUTOS = YES_AGGRESSIVE;
				GCC_WARN_UNUSED_FUNCTION = YES;
				GCC_WARN_UNUSED_VARIABLE = YES;
				IPHONEOS_DEPLOYMENT_TARGET = 12.2;
				MTL_ENABLE_DEBUG_INFO = INCLUDE_SOURCE;
				MTL_FAST_MATH = YES;
				ONLY_ACTIVE_ARCH = YES;
				SDKROOT = iphoneos;
			};
			name = Debug;
		};
		247C7C532250CAE1004ACC14 /* Release */ = {
			isa = XCBuildConfiguration;
			buildSettings = {
				ALWAYS_SEARCH_USER_PATHS = NO;
				CLANG_ANALYZER_NONNULL = YES;
				CLANG_ANALYZER_NUMBER_OBJECT_CONVERSION = YES_AGGRESSIVE;
				CLANG_CXX_LANGUAGE_STANDARD = "gnu++14";
				CLANG_CXX_LIBRARY = "libc++";
				CLANG_ENABLE_MODULES = YES;
				CLANG_ENABLE_OBJC_ARC = YES;
				CLANG_ENABLE_OBJC_WEAK = YES;
				CLANG_WARN_BLOCK_CAPTURE_AUTORELEASING = YES;
				CLANG_WARN_BOOL_CONVERSION = YES;
				CLANG_WARN_COMMA = YES;
				CLANG_WARN_CONSTANT_CONVERSION = YES;
				CLANG_WARN_DEPRECATED_OBJC_IMPLEMENTATIONS = YES;
				CLANG_WARN_DIRECT_OBJC_ISA_USAGE = YES_ERROR;
				CLANG_WARN_DOCUMENTATION_COMMENTS = YES;
				CLANG_WARN_EMPTY_BODY = YES;
				CLANG_WARN_ENUM_CONVERSION = YES;
				CLANG_WARN_INFINITE_RECURSION = YES;
				CLANG_WARN_INT_CONVERSION = YES;
				CLANG_WARN_NON_LITERAL_NULL_CONVERSION = YES;
				CLANG_WARN_OBJC_IMPLICIT_RETAIN_SELF = YES;
				CLANG_WARN_OBJC_LITERAL_CONVERSION = YES;
				CLANG_WARN_OBJC_ROOT_CLASS = YES_ERROR;
				CLANG_WARN_RANGE_LOOP_ANALYSIS = YES;
				CLANG_WARN_STRICT_PROTOTYPES = YES;
				CLANG_WARN_SUSPICIOUS_MOVE = YES;
				CLANG_WARN_UNGUARDED_AVAILABILITY = YES_AGGRESSIVE;
				CLANG_WARN_UNREACHABLE_CODE = YES;
				CLANG_WARN__DUPLICATE_METHOD_MATCH = YES;
				CODE_SIGN_IDENTITY = "iPhone Developer";
				COPY_PHASE_STRIP = NO;
				DEBUG_INFORMATION_FORMAT = "dwarf-with-dsym";
				ENABLE_NS_ASSERTIONS = NO;
				ENABLE_STRICT_OBJC_MSGSEND = YES;
				GCC_C_LANGUAGE_STANDARD = gnu11;
				GCC_NO_COMMON_BLOCKS = YES;
				GCC_WARN_64_TO_32_BIT_CONVERSION = YES;
				GCC_WARN_ABOUT_RETURN_TYPE = YES_ERROR;
				GCC_WARN_UNDECLARED_SELECTOR = YES;
				GCC_WARN_UNINITIALIZED_AUTOS = YES_AGGRESSIVE;
				GCC_WARN_UNUSED_FUNCTION = YES;
				GCC_WARN_UNUSED_VARIABLE = YES;
				IPHONEOS_DEPLOYMENT_TARGET = 12.2;
				MTL_ENABLE_DEBUG_INFO = NO;
				MTL_FAST_MATH = YES;
				SDKROOT = iphoneos;
				VALIDATE_PRODUCT = YES;
			};
			name = Release;
		};
		247C7C552250CAE1004ACC14 /* Debug */ = {
			isa = XCBuildConfiguration;
			buildSettings = {
				ASSETCATALOG_COMPILER_APPICON_NAME = AppIcon;
				CODE_SIGN_STYLE = Automatic;
				DEVELOPMENT_TEAM = 7XP5ZBK9EN;
				INFOPLIST_FILE = AFOCommandPattern/Info.plist;
				IPHONEOS_DEPLOYMENT_TARGET = 8.0;
				LD_RUNPATH_SEARCH_PATHS = (
					"$(inherited)",
					"@executable_path/Frameworks",
				);
				PRODUCT_BUNDLE_IDENTIFIER = com.AFO.AFOCommandPattern;
				PRODUCT_NAME = "$(TARGET_NAME)";
				TARGETED_DEVICE_FAMILY = "1,2";
			};
			name = Debug;
		};
		247C7C562250CAE1004ACC14 /* Release */ = {
			isa = XCBuildConfiguration;
			buildSettings = {
				ASSETCATALOG_COMPILER_APPICON_NAME = AppIcon;
				CODE_SIGN_STYLE = Automatic;
				DEVELOPMENT_TEAM = 7XP5ZBK9EN;
				INFOPLIST_FILE = AFOCommandPattern/Info.plist;
				IPHONEOS_DEPLOYMENT_TARGET = 8.0;
				LD_RUNPATH_SEARCH_PATHS = (
					"$(inherited)",
					"@executable_path/Frameworks",
				);
				PRODUCT_BUNDLE_IDENTIFIER = com.AFO.AFOCommandPattern;
				PRODUCT_NAME = "$(TARGET_NAME)";
				TARGETED_DEVICE_FAMILY = "1,2";
			};
			name = Release;
		};
/* End XCBuildConfiguration section */

/* Begin XCConfigurationList section */
		247C7C392250CADF004ACC14 /* Build configuration list for PBXProject "AFOCommandPattern" */ = {
			isa = XCConfigurationList;
			buildConfigurations = (
				247C7C522250CAE1004ACC14 /* Debug */,
				247C7C532250CAE1004ACC14 /* Release */,
			);
			defaultConfigurationIsVisible = 0;
			defaultConfigurationName = Release;
		};
		247C7C542250CAE1004ACC14 /* Build configuration list for PBXNativeTarget "AFOCommandPattern" */ = {
			isa = XCConfigurationList;
			buildConfigurations = (
				247C7C552250CAE1004ACC14 /* Debug */,
				247C7C562250CAE1004ACC14 /* Release */,
			);
			defaultConfigurationIsVisible = 0;
			defaultConfigurationName = Release;
		};
/* End XCConfigurationList section */
	};
	rootObject = 247C7C362250CADF004ACC14 /* Project object */;
}
